
Microsoft Visual Studio Solution File, Format Version 12.00
# Visual Studio 15
VisualStudioVersion = 15.0.28010.2003
MinimumVisualStudioVersion = 10.0.40219.1
Project("{FAE04EC0-301F-11D3-BF4B-00C04F79EFBC}") = "MovieRank", "MovieRank\MovieRank.csproj", "{4C8F326F-5394-4A53-B4B3-9DEAFDF65EEC}"
EndProject
Project("{FAE04EC0-301F-11D3-BF4B-00C04F79EFBC}") = "MovieRank.Libs", "MovieRank.Libs\MovieRank.Libs.csproj", "{6D262B5F-B13D-410D-9725-5A73E85FFE54}"
EndProject
Project("{FAE04EC0-301F-11D3-BF4B-00C04F79EFBC}") = "MovieRank.Contracts", "MovieRank.Contracts\MovieRank.Contracts.csproj", "{8B11B50A-61CD-4FE7-8C31-3C0C463A9080}"
EndProject
Global
	GlobalSection(SolutionConfigurationPlatforms) = preSolution
		Debug|Any CPU = Debug|Any CPU
		Release|Any CPU = Release|Any CPU
	EndGlobalSection
	GlobalSection(ProjectConfigurationPlatforms) = postSolution
		{4C8F326F-5394-4A53-B4B3-9DEAFDF65EEC}.Debug|Any CPU.ActiveCfg = Debug|Any CPU
		{4C8F326F-5394-4A53-B4B3-9DEAFDF65EEC}.Debug|Any CPU.Build.0 = Debug|Any CPU
		{4C8F326F-5394-4A53-B4B3-9DEAFDF65EEC}.Release|Any CPU.ActiveCfg = Release|Any CPU
		{4C8F326F-5394-4A53-B4B3-9DEAFDF65EEC}.Release|Any CPU.Build.0 = Release|Any CPU
		{6D262B5F-B13D-410D-9725-5A73E85FFE54}.Debug|Any CPU.ActiveCfg = Debug|Any CPU
		{6D262B5F-B13D-410D-9725-5A73E85FFE54}.Debug|Any CPU.Build.0 = Debug|Any CPU
		{6D262B5F-B13D-410D-9725-5A73E85FFE54}.Release|Any CPU.ActiveCfg = Release|Any CPU
		{6D262B5F-B13D-410D-9725-5A73E85FFE54}.Release|Any CPU.Build.0 = Release|Any CPU
		{8B11B50A-61CD-4FE7-8C31-3C0C463A9080}.Debug|Any CPU.ActiveCfg = Debug|Any CPU
		{8B11B50A-61CD-4FE7-8C31-3C0C463A9080}.Debug|Any CPU.Build.0 = Debug|Any CPU
		{8B11B50A-61CD-4FE7-8C31-3C0C463A9080}.Release|Any CPU.ActiveCfg = Release|Any CPU
		{8B11B50A-61CD-4FE7-8C31-3C0C463A9080}.Release|Any CPU.Build.0 = Release|Any CPU
	EndGlobalSection
	GlobalSection(SolutionProperties) = preSolution
		HideSolutionNode = FALSE
	EndGlobalSection
	GlobalSection(ExtensibilityGlobals) = postSolution
		SolutionGuid = {215E396D-F286-4224-AF24-23E2223BD8DB}
	EndGlobalSection
EndGlobal
